
Microsoft Visual Studio Solution File, Format Version 12.00
# Visual Studio Version 17
VisualStudioVersion = 17.6.33723.286
MinimumVisualStudioVersion = 10.0.40219.1
Project("{FAE04EC0-301F-11D3-BF4B-00C04F79EFBC}") = "KB11528_IgbColumnGroupStyling_BlazorServerApp1", "KB11528_IgbColumnGroupStyling_BlazorServerApp1\KB11528_IgbColumnGroupStyling_BlazorServerApp1.csproj", "{C15031DB-72B4-4BDC-8608-F0EC7920FB71}"
EndProject
Global
	GlobalSection(SolutionConfigurationPlatforms) = preSolution
		Debug|Any CPU = Debug|Any CPU
		Release|Any CPU = Release|Any CPU
	EndGlobalSection
	GlobalSection(ProjectConfigurationPlatforms) = postSolution
		{C15031DB-72B4-4BDC-8608-F0EC7920FB71}.Debug|Any CPU.ActiveCfg = Debug|Any CPU
		{C15031DB-72B4-4BDC-8608-F0EC7920FB71}.Debug|Any CPU.Build.0 = Debug|Any CPU
		{C15031DB-72B4-4BDC-8608-F0EC7920FB71}.Release|Any CPU.ActiveCfg = Release|Any CPU
		{C15031DB-72B4-4BDC-8608-F0EC7920FB71}.Release|Any CPU.Build.0 = Release|Any CPU
	EndGlobalSection
	GlobalSection(SolutionProperties) = preSolution
		HideSolutionNode = FALSE
	EndGlobalSection
	GlobalSection(ExtensibilityGlobals) = postSolution
		SolutionGuid = {AAD7C8C2-1A33-4552-80AF-A300432183B4}
	EndGlobalSection
EndGlobal
